dependencies:
  espressif/led_strip:
    component_hash: 28621486f77229aaf81c71f5e15d6fbf36c2949cf11094e07090593e659e7639
    source:
      service_url: https://api.components.espressif.com/
      type: service
    version: 3.0.3
  idf:
    component_hash: null
    source:
      type: idf
    version: 5.4.1
manifest_hash: dbeb33a4e1d257aa20b519615ddcb7e694f4c11ba343358c2b4df395ae587546
target: esp32
version: 1.0.0
